
Microsoft Visual Studio Solution File, Format Version 11.00
# Visual Studio 2010
Project("{FAE04EC0-301F-11D3-BF4B-00C04F79EFBC}") = "Utility.Autofac", "Utility.Autofac\Utility.Autofac.csproj", "{FE3E2307-2BD0-434B-83D6-9CD4FEEE8106}"
EndProject
Project("{FAE04EC0-301F-11D3-BF4B-00C04F79EFBC}") = "Utility.Autofac.Test", "Utility.Autofac.Test\Utility.Autofac.Test.csproj", "{49693427-E317-4C1C-87BF-D14F361A8D71}"
EndProject
Project("{FAE04EC0-301F-11D3-BF4B-00C04F79EFBC}") = "Utility.Autofac.Test.UnloadedModule", "Utility.Autofac.Test.UnloadedModule\Utility.Autofac.Test.UnloadedModule.csproj", "{E44E4C34-61F8-4EB7-B901-671FC34760ED}"
EndProject
Project("{FAE04EC0-301F-11D3-BF4B-00C04F79EFBC}") = "Utility.AutofacSL5", "Utility.Autofac\Utility.AutofacSL5.csproj", "{653C1664-C158-40D2-8289-1F548A25E3CB}"
EndProject
Project("{2150E333-8FDC-42A3-9474-1A3956D46DE8}") = "nuspec", "nuspec", "{C7A52621-4F54-406A-9C2E-0FB7A940F248}"
	ProjectSection(SolutionItems) = preProject
		..\nuspec\Utility.Autofac.nuspec = ..\nuspec\Utility.Autofac.nuspec
	EndProjectSection
EndProject
Global
	GlobalSection(SolutionConfigurationPlatforms) = preSolution
		Debug|Any CPU = Debug|Any CPU
		Release|Any CPU = Release|Any CPU
	EndGlobalSection
	GlobalSection(ProjectConfigurationPlatforms) = postSolution
		{FE3E2307-2BD0-434B-83D6-9CD4FEEE8106}.Debug|Any CPU.ActiveCfg = Debug|Any CPU
		{FE3E2307-2BD0-434B-83D6-9CD4FEEE8106}.Debug|Any CPU.Build.0 = Debug|Any CPU
		{FE3E2307-2BD0-434B-83D6-9CD4FEEE8106}.Release|Any CPU.ActiveCfg = Release|Any CPU
		{FE3E2307-2BD0-434B-83D6-9CD4FEEE8106}.Release|Any CPU.Build.0 = Release|Any CPU
		{49693427-E317-4C1C-87BF-D14F361A8D71}.Debug|Any CPU.ActiveCfg = Debug|Any CPU
		{49693427-E317-4C1C-87BF-D14F361A8D71}.Debug|Any CPU.Build.0 = Debug|Any CPU
		{49693427-E317-4C1C-87BF-D14F361A8D71}.Release|Any CPU.ActiveCfg = Release|Any CPU
		{49693427-E317-4C1C-87BF-D14F361A8D71}.Release|Any CPU.Build.0 = Release|Any CPU
		{E44E4C34-61F8-4EB7-B901-671FC34760ED}.Debug|Any CPU.ActiveCfg = Debug|Any CPU
		{E44E4C34-61F8-4EB7-B901-671FC34760ED}.Debug|Any CPU.Build.0 = Debug|Any CPU
		{E44E4C34-61F8-4EB7-B901-671FC34760ED}.Release|Any CPU.ActiveCfg = Release|Any CPU
		{E44E4C34-61F8-4EB7-B901-671FC34760ED}.Release|Any CPU.Build.0 = Release|Any CPU
		{653C1664-C158-40D2-8289-1F548A25E3CB}.Debug|Any CPU.ActiveCfg = Debug|Any CPU
		{653C1664-C158-40D2-8289-1F548A25E3CB}.Debug|Any CPU.Build.0 = Debug|Any CPU
		{653C1664-C158-40D2-8289-1F548A25E3CB}.Release|Any CPU.ActiveCfg = Release|Any CPU
		{653C1664-C158-40D2-8289-1F548A25E3CB}.Release|Any CPU.Build.0 = Release|Any CPU
	EndGlobalSection
	GlobalSection(SolutionProperties) = preSolution
		HideSolutionNode = FALSE
	EndGlobalSection
EndGlobal
